
Microsoft Visual Studio Solution File, Format Version 12.00
# Visual Studio Version 17
VisualStudioVersion = 17.9.34723.18
MinimumVisualStudioVersion = 10.0.40219.1
Project("{FAE04EC0-301F-11D3-BF4B-00C04F79EFBC}") = "UserDirectoryWebApi", "UserDirectoryWebApi\UserDirectoryWebApi.csproj", "{8A3D1DF5-2DCC-41B2-A6B6-3C73CF17680A}"
EndProject
Global
	GlobalSection(SolutionConfigurationPlatforms) = preSolution
		Debug|Any CPU = Debug|Any CPU
		Release|Any CPU = Release|Any CPU
	EndGlobalSection
	GlobalSection(ProjectConfigurationPlatforms) = postSolution
		{8A3D1DF5-2DCC-41B2-A6B6-3C73CF17680A}.Debug|Any CPU.ActiveCfg = Debug|Any CPU
		{8A3D1DF5-2DCC-41B2-A6B6-3C73CF17680A}.Debug|Any CPU.Build.0 = Debug|Any CPU
		{8A3D1DF5-2DCC-41B2-A6B6-3C73CF17680A}.Release|Any CPU.ActiveCfg = Release|Any CPU
		{8A3D1DF5-2DCC-41B2-A6B6-3C73CF17680A}.Release|Any CPU.Build.0 = Release|Any CPU
	EndGlobalSection
	GlobalSection(SolutionProperties) = preSolution
		HideSolutionNode = FALSE
	EndGlobalSection
	GlobalSection(ExtensibilityGlobals) = postSolution
		SolutionGuid = {B5AF4852-1411-42DC-A1DF-FECD24A3AE11}
	EndGlobalSection
EndGlobal
